
Microsoft Visual Studio Solution File, Format Version 12.00
# Visual Studio 15
VisualStudioVersion = 15.0.28307.705
MinimumVisualStudioVersion = 10.0.40219.1
Project("{FAE04EC0-301F-11D3-BF4B-00C04F79EFBC}") = "IoTWeb", "IoTWeb\IoTWeb.csproj", "{7A651F32-0CE3-4FC8-8AE9-1C6D1E8AFF74}"
EndProject
Project("{FAE04EC0-301F-11D3-BF4B-00C04F79EFBC}") = "IoTWeb.Tests", "IoTWeb.Tests\IoTWeb.Tests.csproj", "{7384FCB9-63A6-4BA2-8AA4-A196B155C60B}"
EndProject
Global
	GlobalSection(SolutionConfigurationPlatforms) = preSolution
		Debug|Any CPU = Debug|Any CPU
		Release|Any CPU = Release|Any CPU
	EndGlobalSection
	GlobalSection(ProjectConfigurationPlatforms) = postSolution
		{7A651F32-0CE3-4FC8-8AE9-1C6D1E8AFF74}.Debug|Any CPU.ActiveCfg = Debug|Any CPU
		{7A651F32-0CE3-4FC8-8AE9-1C6D1E8AFF74}.Debug|Any CPU.Build.0 = Debug|Any CPU
		{7A651F32-0CE3-4FC8-8AE9-1C6D1E8AFF74}.Release|Any CPU.ActiveCfg = Release|Any CPU
		{7A651F32-0CE3-4FC8-8AE9-1C6D1E8AFF74}.Release|Any CPU.Build.0 = Release|Any CPU
		{7384FCB9-63A6-4BA2-8AA4-A196B155C60B}.Debug|Any CPU.ActiveCfg = Debug|Any CPU
		{7384FCB9-63A6-4BA2-8AA4-A196B155C60B}.Debug|Any CPU.Build.0 = Debug|Any CPU
		{7384FCB9-63A6-4BA2-8AA4-A196B155C60B}.Release|Any CPU.ActiveCfg = Release|Any CPU
		{7384FCB9-63A6-4BA2-8AA4-A196B155C60B}.Release|Any CPU.Build.0 = Release|Any CPU
	EndGlobalSection
	GlobalSection(SolutionProperties) = preSolution
		HideSolutionNode = FALSE
	EndGlobalSection
	GlobalSection(ExtensibilityGlobals) = postSolution
		SolutionGuid = {724C7C56-5883-4414-90C2-1392D7017D35}
	EndGlobalSection
EndGlobal
